// !$*UTF8*$!
{
	archiveVersion = 1;
	classes = {
	};
	objectVersion = 50;
	objects = {

/* Begin PBXBuildFile section */
		F51C81EC26C15CFE00B4980A /* AppDelegate.swift in Sources */ = {isa = PBXBuildFile; fileRef = F51C81EB26C15CFE00B4980A /* AppDelegate.swift */; };
		F51C81EE26C15CFE00B4980A /* SceneDelegate.swift in Sources */ = {isa = PBXBuildFile; fileRef = F51C81ED26C15CFE00B4980A /* SceneDelegate.swift */; };
		F51C81F026C15CFE00B4980A /* ContactsViewController.swift in Sources */ = {isa = PBXBuildFile; fileRef = F51C81EF26C15CFE00B4980A /* ContactsViewController.swift */; };
		F51C81F526C15D0100B4980A /* Assets.xcassets in Resources */ = {isa = PBXBuildFile; fileRef = F51C81F426C15D0100B4980A /* Assets.xcassets */; };
		F51C81F826C15D0100B4980A /* LaunchScreen.storyboard in Resources */ = {isa = PBXBuildFile; fileRef = F51C81F626C15D0100B4980A /* LaunchScreen.storyboard */; };
		F51C820126C15D5100B4980A /* MainTabBarController.swift in Sources */ = {isa = PBXBuildFile; fileRef = F51C820026C15D5100B4980A /* MainTabBarController.swift */; };
		F53E3F9C26C25DD7004BA8BB /* RecentViewController.swift in Sources */ = {isa = PBXBuildFile; fileRef = F53E3F9B26C25DD7004BA8BB /* RecentViewController.swift */; };
		F5B7FA5C26C3E87F00947628 /* ProfileCell.swift in Sources */ = {isa = PBXBuildFile; fileRef = F5B7FA5B26C3E87F00947628 /* ProfileCell.swift */; };
		F5B7FA5F26C3EC9900947628 /* UserModel.swift in Sources */ = {isa = PBXBuildFile; fileRef = F5B7FA5E26C3EC9900947628 /* UserModel.swift */; };
		F5B7FA6226C3ECCC00947628 /* SelfConfiguringCell.swift in Sources */ = {isa = PBXBuildFile; fileRef = F5B7FA6126C3ECCC00947628 /* SelfConfiguringCell.swift */; };
		F5B7FA6D26C3EE3B00947628 /* Bundle + Extensions.swift in Sources */ = {isa = PBXBuildFile; fileRef = F5B7FA6C26C3EE3B00947628 /* Bundle + Extensions.swift */; };
		F5B7FA7126C3EEEB00947628 /* FavouriteCell.swift in Sources */ = {isa = PBXBuildFile; fileRef = F5B7FA7026C3EEEB00947628 /* FavouriteCell.swift */; };
		F5B7FA7426C3EF0000947628 /* ContactsCell.swift in Sources */ = {isa = PBXBuildFile; fileRef = F5B7FA7326C3EF0000947628 /* ContactsCell.swift */; };
		F5B7FA7726C4F6B300947628 /* UIViewController + Extension.swift in Sources */ = {isa = PBXBuildFile; fileRef = F5B7FA7626C4F6B300947628 /* UIViewController + Extension.swift */; };
		F5B7FA7A26C5063200947628 /* favouriteUsers.json in Resources */ = {isa = PBXBuildFile; fileRef = F5B7FA7926C5063100947628 /* favouriteUsers.json */; };
		F5B7FA7D26C5064200947628 /* contactUsers.json in Resources */ = {isa = PBXBuildFile; fileRef = F5B7FA7C26C5064200947628 /* contactUsers.json */; };
/* End PBXBuildFile section */

/* Begin PBXFileReference section */
		F51C81E826C15CFD00B4980A /* Contacts_app.app */ = {isa = PBXFileReference; explicitFileType = wrapper.application; includeInIndex = 0; path = Contacts_app.app; sourceTree = BUILT_PRODUCTS_DIR; };
		F51C81EB26C15CFE00B4980A /* AppDelegate.swift */ = {isa = PBXFileReference; lastKnownFileType = sourcecode.swift; path = AppDelegate.swift; sourceTree = "<group>"; };
		F51C81ED26C15CFE00B4980A /* SceneDelegate.swift */ = {isa = PBXFileReference; lastKnownFileType = sourcecode.swift; path = SceneDelegate.swift; sourceTree = "<group>"; };
		F51C81EF26C15CFE00B4980A /* ContactsViewController.swift */ = {isa = PBXFileReference; lastKnownFileType = sourcecode.swift; path = ContactsViewController.swift; sourceTree = "<group>"; };
		F51C81F426C15D0100B4980A /* Assets.xcassets */ = {isa = PBXFileReference; lastKnownFileType = folder.assetcatalog; path = Assets.xcassets; sourceTree = "<group>"; };
		F51C81F726C15D0100B4980A /* Base */ = {isa = PBXFileReference; lastKnownFileType = file.storyboard; name = Base; path = Base.lproj/LaunchScreen.storyboard; sourceTree = "<group>"; };
		F51C81F926C15D0100B4980A /* Info.plist */ = {isa = PBXFileReference; lastKnownFileType = text.plist.xml; path = Info.plist; sourceTree = "<group>"; };
		F51C820026C15D5100B4980A /* MainTabBarController.swift */ = {isa = PBXFileReference; lastKnownFileType = sourcecode.swift; path = MainTabBarController.swift; sourceTree = "<group>"; };
		F53E3F9B26C25DD7004BA8BB /* RecentViewController.swift */ = {isa = PBXFileReference; lastKnownFileType = sourcecode.swift; path = RecentViewController.swift; sourceTree = "<group>"; };
		F5B7FA5B26C3E87F00947628 /* ProfileCell.swift */ = {isa = PBXFileReference; lastKnownFileType = sourcecode.swift; path = ProfileCell.swift; sourceTree = "<group>"; };
		F5B7FA5E26C3EC9900947628 /* UserModel.swift */ = {isa = PBXFileReference; lastKnownFileType = sourcecode.swift; path = UserModel.swift; sourceTree = "<group>"; };
		F5B7FA6126C3ECCC00947628 /* SelfConfiguringCell.swift */ = {isa = PBXFileReference; lastKnownFileType = sourcecode.swift; path = SelfConfiguringCell.swift; sourceTree = "<group>"; };
		F5B7FA6C26C3EE3B00947628 /* Bundle + Extensions.swift */ = {isa = PBXFileReference; lastKnownFileType = sourcecode.swift; path = "Bundle + Extensions.swift"; sourceTree = "<group>"; };
		F5B7FA7026C3EEEB00947628 /* FavouriteCell.swift */ = {isa = PBXFileReference; lastKnownFileType = sourcecode.swift; path = FavouriteCell.swift; sourceTree = "<group>"; };
		F5B7FA7326C3EF0000947628 /* ContactsCell.swift */ = {isa = PBXFileReference; lastKnownFileType = sourcecode.swift; path = ContactsCell.swift; sourceTree = "<group>"; };
		F5B7FA7626C4F6B300947628 /* UIViewController + Extension.swift */ = {isa = PBXFileReference; lastKnownFileType = sourcecode.swift; path = "UIViewController + Extension.swift"; sourceTree = "<group>"; };
		F5B7FA7926C5063100947628 /* favouriteUsers.json */ = {isa = PBXFileReference; fileEncoding = 4; lastKnownFileType = text.json; path = favouriteUsers.json; sourceTree = "<group>"; };
		F5B7FA7C26C5064200947628 /* contactUsers.json */ = {isa = PBXFileReference; fileEncoding = 4; lastKnownFileType = text.json; path = contactUsers.json; sourceTree = "<group>"; };
/* End PBXFileReference section */

/* Begin PBXFrameworksBuildPhase section */
		F51C81E526C15CFD00B4980A /* Frameworks */ = {
			isa = PBXFrameworksBuildPhase;
			buildActionMask = 2147483647;
			files = (
			);
			runOnlyForDeploymentPostprocessing = 0;
		};
/* End PBXFrameworksBuildPhase section */

/* Begin PBXGroup section */
		F51C81DF26C15CFD00B4980A = {
			isa = PBXGroup;
			children = (
				F51C81EA26C15CFD00B4980A /* Contacts_app */,
				F51C81E926C15CFD00B4980A /* Products */,
			);
			sourceTree = "<group>";
		};
		F51C81E926C15CFD00B4980A /* Products */ = {
			isa = PBXGroup;
			children = (
				F51C81E826C15CFD00B4980A /* Contacts_app.app */,
			);
			name = Products;
			sourceTree = "<group>";
		};
		F51C81EA26C15CFD00B4980A /* Contacts_app */ = {
			isa = PBXGroup;
			children = (
				F51C81EB26C15CFE00B4980A /* AppDelegate.swift */,
				F51C81ED26C15CFE00B4980A /* SceneDelegate.swift */,
				F5B7FA6526C3ED4900947628 /* Models */,
				F5B7FA6A26C3ED8200947628 /* Controllers */,
				F5B7FA6426C3ED1200947628 /* Cell */,
				F5B7FA6726C3ED5C00947628 /* Protocols */,
				F5B7FA6F26C3EE5000947628 /* Extensions */,
				F51C81F426C15D0100B4980A /* Assets.xcassets */,
				F51C81F626C15D0100B4980A /* LaunchScreen.storyboard */,
				F5B7FA7926C5063100947628 /* favouriteUsers.json */,
				F5B7FA7C26C5064200947628 /* contactUsers.json */,
				F51C81F926C15D0100B4980A /* Info.plist */,
			);
			path = Contacts_app;
			sourceTree = "<group>";
		};
		F5B7FA6426C3ED1200947628 /* Cell */ = {
			isa = PBXGroup;
			children = (
				F5B7FA5B26C3E87F00947628 /* ProfileCell.swift */,
				F5B7FA7026C3EEEB00947628 /* FavouriteCell.swift */,
				F5B7FA7326C3EF0000947628 /* ContactsCell.swift */,
			);
			path = Cell;
			sourceTree = "<group>";
		};
		F5B7FA6526C3ED4900947628 /* Models */ = {
			isa = PBXGroup;
			children = (
				F5B7FA5E26C3EC9900947628 /* UserModel.swift */,
			);
			path = Models;
			sourceTree = "<group>";
		};
		F5B7FA6726C3ED5C00947628 /* Protocols */ = {
			isa = PBXGroup;
			children = (
				F5B7FA6126C3ECCC00947628 /* SelfConfiguringCell.swift */,
			);
			path = Protocols;
			sourceTree = "<group>";
		};
		F5B7FA6A26C3ED8200947628 /* Controllers */ = {
			isa = PBXGroup;
			children = (
				F51C81EF26C15CFE00B4980A /* ContactsViewController.swift */,
				F53E3F9B26C25DD7004BA8BB /* RecentViewController.swift */,
				F51C820026C15D5100B4980A /* MainTabBarController.swift */,
			);
			path = Controllers;
			sourceTree = "<group>";
		};
		F5B7FA6F26C3EE5000947628 /* Extensions */ = {
			isa = PBXGroup;
			children = (
				F5B7FA6C26C3EE3B00947628 /* Bundle + Extensions.swift */,
				F5B7FA7626C4F6B300947628 /* UIViewController + Extension.swift */,
			);
			path = Extensions;
			sourceTree = "<group>";
		};
/* End PBXGroup section */

/* Begin PBXNativeTarget section */
		F51C81E726C15CFD00B4980A /* Contacts_app */ = {
			isa = PBXNativeTarget;
			buildConfigurationList = F51C81FC26C15D0100B4980A /* Build configuration list for PBXNativeTarget "Contacts_app" */;
			buildPhases = (
				F51C81E426C15CFD00B4980A /* Sources */,
				F51C81E526C15CFD00B4980A /* Frameworks */,
				F51C81E626C15CFD00B4980A /* Resources */,
			);
			buildRules = (
			);
			dependencies = (
			);
			name = Contacts_app;
			productName = Contacts_app;
			productReference = F51C81E826C15CFD00B4980A /* Contacts_app.app */;
			productType = "com.apple.product-type.application";
		};
/* End PBXNativeTarget section */

/* Begin PBXProject section */
		F51C81E026C15CFD00B4980A /* Project object */ = {
			isa = PBXProject;
			attributes = {
				LastSwiftUpdateCheck = 1240;
				LastUpgradeCheck = 1240;
				TargetAttributes = {
					F51C81E726C15CFD00B4980A = {
						CreatedOnToolsVersion = 12.4;
					};
				};
			};
			buildConfigurationList = F51C81E326C15CFD00B4980A /* Build configuration list for PBXProject "Contacts_app" */;
			compatibilityVersion = "Xcode 9.3";
			developmentRegion = en;
			hasScannedForEncodings = 0;
			knownRegions = (
				en,
				Base,
			);
			mainGroup = F51C81DF26C15CFD00B4980A;
			productRefGroup = F51C81E926C15CFD00B4980A /* Products */;
			projectDirPath = "";
			projectRoot = "";
			targets = (
				F51C81E726C15CFD00B4980A /* Contacts_app */,
			);
		};
/* End PBXProject section */

/* Begin PBXResourcesBuildPhase section */
		F51C81E626C15CFD00B4980A /* Resources */ = {
			isa = PBXResourcesBuildPhase;
			buildActionMask = 2147483647;
			files = (
				F5B7FA7A26C5063200947628 /* favouriteUsers.json in Resources */,
				F51C81F826C15D0100B4980A /* LaunchScreen.storyboard in Resources */,
				F51C81F526C15D0100B4980A /* Assets.xcassets in Resources */,
				F5B7FA7D26C5064200947628 /* contactUsers.json in Resources */,
			);
			runOnlyForDeploymentPostprocessing = 0;
		};
/* End PBXResourcesBuildPhase section */

/* Begin PBXSourcesBuildPhase section */
		F51C81E426C15CFD00B4980A /* Sources */ = {
			isa = PBXSourcesBuildPhase;
			buildActionMask = 2147483647;
			files = (
				F51C81F026C15CFE00B4980A /* ContactsViewController.swift in Sources */,
				F5B7FA6226C3ECCC00947628 /* SelfConfiguringCell.swift in Sources */,
				F5B7FA5F26C3EC9900947628 /* UserModel.swift in Sources */,
				F53E3F9C26C25DD7004BA8BB /* RecentViewController.swift in Sources */,
				F51C81EC26C15CFE00B4980A /* AppDelegate.swift in Sources */,
				F5B7FA7126C3EEEB00947628 /* FavouriteCell.swift in Sources */,
				F5B7FA5C26C3E87F00947628 /* ProfileCell.swift in Sources */,
				F51C820126C15D5100B4980A /* MainTabBarController.swift in Sources */,
				F51C81EE26C15CFE00B4980A /* SceneDelegate.swift in Sources */,
				F5B7FA7426C3EF0000947628 /* ContactsCell.swift in Sources */,
				F5B7FA7726C4F6B300947628 /* UIViewController + Extension.swift in Sources */,
				F5B7FA6D26C3EE3B00947628 /* Bundle + Extensions.swift in Sources */,
			);
			runOnlyForDeploymentPostprocessing = 0;
		};
/* End PBXSourcesBuildPhase section */

/* Begin PBXVariantGroup section */
		F51C81F626C15D0100B4980A /* LaunchScreen.storyboard */ = {
			isa = PBXVariantGroup;
			children = (
				F51C81F726C15D0100B4980A /* Base */,
			);
			name = LaunchScreen.storyboard;
			sourceTree = "<group>";
		};
/* End PBXVariantGroup section */

/* Begin XCBuildConfiguration section */
		F51C81FA26C15D0100B4980A /* Debug */ = {
			isa = XCBuildConfiguration;
			buildSettings = {
				ALWAYS_SEARCH_USER_PATHS = NO;
				CLANG_ANALYZER_NONNULL = YES;
				CLANG_ANALYZER_NUMBER_OBJECT_CONVERSION = YES_AGGRESSIVE;
				CLANG_CXX_LANGUAGE_STANDARD = "gnu++14";
				CLANG_CXX_LIBRARY = "libc++";
				CLANG_ENABLE_MODULES = YES;
				CLANG_ENABLE_OBJC_ARC = YES;
				CLANG_ENABLE_OBJC_WEAK = YES;
				CLANG_WARN_BLOCK_CAPTURE_AUTORELEASING = YES;
				CLANG_WARN_BOOL_CONVERSION = YES;
				CLANG_WARN_COMMA = YES;
				CLANG_WARN_CONSTANT_CONVERSION = YES;
				CLANG_WARN_DEPRECATED_OBJC_IMPLEMENTATIONS = YES;
				CLANG_WARN_DIRECT_OBJC_ISA_USAGE = YES_ERROR;
				CLANG_WARN_DOCUMENTATION_COMMENTS = YES;
				CLANG_WARN_EMPTY_BODY = YES;
				CLANG_WARN_ENUM_CONVERSION = YES;
				CLANG_WARN_INFINITE_RECURSION = YES;
				CLANG_WARN_INT_CONVERSION = YES;
				CLANG_WARN_NON_LITERAL_NULL_CONVERSION = YES;
				CLANG_WARN_OBJC_IMPLICIT_RETAIN_SELF = YES;
				CLANG_WARN_OBJC_LITERAL_CONVERSION = YES;
				CLANG_WARN_OBJC_ROOT_CLASS = YES_ERROR;
				CLANG_WARN_QUOTED_INCLUDE_IN_FRAMEWORK_HEADER = YES;
				CLANG_WARN_RANGE_LOOP_ANALYSIS = YES;
				CLANG_WARN_STRICT_PROTOTYPES = YES;
				CLANG_WARN_SUSPICIOUS_MOVE = YES;
				CLANG_WARN_UNGUARDED_AVAILABILITY = YES_AGGRESSIVE;
				CLANG_WARN_UNREACHABLE_CODE = YES;
				CLANG_WARN__DUPLICATE_METHOD_MATCH = YES;
				COPY_PHASE_STRIP = NO;
				DEBUG_INFORMATION_FORMAT = dwarf;
				ENABLE_STRICT_OBJC_MSGSEND = YES;
				ENABLE_TESTABILITY = YES;
				GCC_C_LANGUAGE_STANDARD = gnu11;
				GCC_DYNAMIC_NO_PIC = NO;
				GCC_NO_COMMON_BLOCKS = YES;
				GCC_OPTIMIZATION_LEVEL = 0;
				GCC_PREPROCESSOR_DEFINITIONS = (
					"DEBUG=1",
					"$(inherited)",
				);
				GCC_WARN_64_TO_32_BIT_CONVERSION = YES;
				GCC_WARN_ABOUT_RETURN_TYPE = YES_ERROR;
				GCC_WARN_UNDECLARED_SELECTOR = YES;
				GCC_WARN_UNINITIALIZED_AUTOS = YES_AGGRESSIVE;
				GCC_WARN_UNUSED_FUNCTION = YES;
				GCC_WARN_UNUSED_VARIABLE = YES;
				IPHONEOS_DEPLOYMENT_TARGET = 14.4;
				MTL_ENABLE_DEBUG_INFO = INCLUDE_SOURCE;
				MTL_FAST_MATH = YES;
				ONLY_ACTIVE_ARCH = YES;
				SDKROOT = iphoneos;
				SWIFT_ACTIVE_COMPILATION_CONDITIONS = DEBUG;
				SWIFT_OPTIMIZATION_LEVEL = "-Onone";
			};
			name = Debug;
		};
		F51C81FB26C15D0100B4980A /* Release */ = {
			isa = XCBuildConfiguration;
			buildSettings = {
				ALWAYS_SEARCH_USER_PATHS = NO;
				CLANG_ANALYZER_NONNULL = YES;
				CLANG_ANALYZER_NUMBER_OBJECT_CONVERSION = YES_AGGRESSIVE;
				CLANG_CXX_LANGUAGE_STANDARD = "gnu++14";
				CLANG_CXX_LIBRARY = "libc++";
				CLANG_ENABLE_MODULES = YES;
				CLANG_ENABLE_OBJC_ARC = YES;
				CLANG_ENABLE_OBJC_WEAK = YES;
				CLANG_WARN_BLOCK_CAPTURE_AUTORELEASING = YES;
				CLANG_WARN_BOOL_CONVERSION = YES;
				CLANG_WARN_COMMA = YES;
				CLANG_WARN_CONSTANT_CONVERSION = YES;
				CLANG_WARN_DEPRECATED_OBJC_IMPLEMENTATIONS = YES;
				CLANG_WARN_DIRECT_OBJC_ISA_USAGE = YES_ERROR;
				CLANG_WARN_DOCUMENTATION_COMMENTS = YES;
				CLANG_WARN_EMPTY_BODY = YES;
				CLANG_WARN_ENUM_CONVERSION = YES;
				CLANG_WARN_INFINITE_RECURSION = YES;
				CLANG_WARN_INT_CONVERSION = YES;
				CLANG_WARN_NON_LITERAL_NULL_CONVERSION = YES;
				CLANG_WARN_OBJC_IMPLICIT_RETAIN_SELF = YES;
				CLANG_WARN_OBJC_LITERAL_CONVERSION = YES;
				CLANG_WARN_OBJC_ROOT_CLASS = YES_ERROR;
				CLANG_WARN_QUOTED_INCLUDE_IN_FRAMEWORK_HEADER = YES;
				CLANG_WARN_RANGE_LOOP_ANALYSIS = YES;
				CLANG_WARN_STRICT_PROTOTYPES = YES;
				CLANG_WARN_SUSPICIOUS_MOVE = YES;
				CLANG_WARN_UNGUARDED_AVAILABILITY = YES_AGGRESSIVE;
				CLANG_WARN_UNREACHABLE_CODE = YES;
				CLANG_WARN__DUPLICATE_METHOD_MATCH = YES;
				COPY_PHASE_STRIP = NO;
				DEBUG_INFORMATION_FORMAT = "dwarf-with-dsym";
				ENABLE_NS_ASSERTIONS = NO;
				ENABLE_STRICT_OBJC_MSGSEND = YES;
				GCC_C_LANGUAGE_STANDARD = gnu11;
				GCC_NO_COMMON_BLOCKS = YES;
				GCC_WARN_64_TO_32_BIT_CONVERSION = YES;
				GCC_WARN_ABOUT_RETURN_TYPE = YES_ERROR;
				GCC_WARN_UNDECLARED_SELECTOR = YES;
				GCC_WARN_UNINITIALIZED_AUTOS = YES_AGGRESSIVE;
				GCC_WARN_UNUSED_FUNCTION = YES;
				GCC_WARN_UNUSED_VARIABLE = YES;
				IPHONEOS_DEPLOYMENT_TARGET = 14.4;
				MTL_ENABLE_DEBUG_INFO = NO;
				MTL_FAST_MATH = YES;
				SDKROOT = iphoneos;
				SWIFT_COMPILATION_MODE = wholemodule;
				SWIFT_OPTIMIZATION_LEVEL = "-O";
				VALIDATE_PRODUCT = YES;
			};
			name = Release;
		};
		F51C81FD26C15D0100B4980A /* Debug */ = {
			isa = XCBuildConfiguration;
			buildSettings = {
				ASSETCATALOG_COMPILER_APPICON_NAME = AppIcon;
				ASSETCATALOG_COMPILER_GLOBAL_ACCENT_COLOR_NAME = AccentColor;
				CODE_SIGN_STYLE = Automatic;
				DEVELOPMENT_TEAM = 2MWMY8N7DT;
				INFOPLIST_FILE = Contacts_app/Info.plist;
				LD_RUNPATH_SEARCH_PATHS = (
					"$(inherited)",
					"@executable_path/Frameworks",
				);
				PRODUCT_BUNDLE_IDENTIFIER = "com.vzinevich.Contacts-app";
				PRODUCT_NAME = "$(TARGET_NAME)";
				SWIFT_VERSION = 5.0;
				TARGETED_DEVICE_FAMILY = "1,2";
			};
			name = Debug;
		};
		F51C81FE26C15D0100B4980A /* Release */ = {
			isa = XCBuildConfiguration;
			buildSettings = {
				ASSETCATALOG_COMPILER_APPICON_NAME = AppIcon;
				ASSETCATALOG_COMPILER_GLOBAL_ACCENT_COLOR_NAME = AccentColor;
				CODE_SIGN_STYLE = Automatic;
				DEVELOPMENT_TEAM = 2MWMY8N7DT;
				INFOPLIST_FILE = Contacts_app/Info.plist;
				LD_RUNPATH_SEARCH_PATHS = (
					"$(inherited)",
					"@executable_path/Frameworks",
				);
				PRODUCT_BUNDLE_IDENTIFIER = "com.vzinevich.Contacts-app";
				PRODUCT_NAME = "$(TARGET_NAME)";
				SWIFT_VERSION = 5.0;
				TARGETED_DEVICE_FAMILY = "1,2";
			};
			name = Release;
		};
/* End XCBuildConfiguration section */

/* Begin XCConfigurationList section */
		F51C81E326C15CFD00B4980A /* Build configuration list for PBXProject "Contacts_app" */ = {
			isa = XCConfigurationList;
			buildConfigurations = (
				F51C81FA26C15D0100B4980A /* Debug */,
				F51C81FB26C15D0100B4980A /* Release */,
			);
			defaultConfigurationIsVisible = 0;
			defaultConfigurationName = Release;
		};
		F51C81FC26C15D0100B4980A /* Build configuration list for PBXNativeTarget "Contacts_app" */ = {
			isa = XCConfigurationList;
			buildConfigurations = (
				F51C81FD26C15D0100B4980A /* Debug */,
				F51C81FE26C15D0100B4980A /* Release */,
			);
			defaultConfigurationIsVisible = 0;
			defaultConfigurationName = Release;
		};
/* End XCConfigurationList section */
	};
	rootObject = F51C81E026C15CFD00B4980A /* Project object */;
}
